// !$*UTF8*$!
{
	archiveVersion = 1;
	classes = {
	};
	objectVersion = 50;
	objects = {

/* Begin PBXBuildFile section */
		AFD9DDD22572F18C00381E59 /* AppDelegate.swift in Sources */ = {isa = PBXBuildFile; fileRef = AFD9DDD12572F18C00381E59 /* AppDelegate.swift */; };
		AFD9DDD42572F18C00381E59 /* SceneDelegate.swift in Sources */ = {isa = PBXBuildFile; fileRef = AFD9DDD32572F18C00381E59 /* SceneDelegate.swift */; };
		AFD9DDD92572F18C00381E59 /* Main.storyboard in Resources */ = {isa = PBXBuildFile; fileRef = AFD9DDD72572F18C00381E59 /* Main.storyboard */; };
		AFD9DDDB2572F18D00381E59 /* Assets.xcassets in Resources */ = {isa = PBXBuildFile; fileRef = AFD9DDDA2572F18D00381E59 /* Assets.xcassets */; };
		AFD9DDDE2572F18D00381E59 /* LaunchScreen.storyboard in Resources */ = {isa = PBXBuildFile; fileRef = AFD9DDDC2572F18D00381E59 /* LaunchScreen.storyboard */; };
		AFD9DDED2572F23E00381E59 /* Constants.swift in Sources */ = {isa = PBXBuildFile; fileRef = AFD9DDEC2572F23E00381E59 /* Constants.swift */; };
		AFD9DDF12572F26200381E59 /* Service.swift in Sources */ = {isa = PBXBuildFile; fileRef = AFD9DDF02572F26200381E59 /* Service.swift */; };
		AFD9DDF42572F28900381E59 /* Insult.swift in Sources */ = {isa = PBXBuildFile; fileRef = AFD9DDF32572F28900381E59 /* Insult.swift */; };
		AFD9DDF72572F31300381E59 /* InsultViewController.swift in Sources */ = {isa = PBXBuildFile; fileRef = AFD9DDF62572F31300381E59 /* InsultViewController.swift */; };
		AFD9DDFA2572F52900381E59 /* InsultViewModel.swift in Sources */ = {isa = PBXBuildFile; fileRef = AFD9DDF92572F52900381E59 /* InsultViewModel.swift */; };
/* End PBXBuildFile section */

/* Begin PBXFileReference section */
		AFD9DDCE2572F18C00381E59 /* InsultGenerator.app */ = {isa = PBXFileReference; explicitFileType = wrapper.application; includeInIndex = 0; path = InsultGenerator.app; sourceTree = BUILT_PRODUCTS_DIR; };
		AFD9DDD12572F18C00381E59 /* AppDelegate.swift */ = {isa = PBXFileReference; lastKnownFileType = sourcecode.swift; path = AppDelegate.swift; sourceTree = "<group>"; };
		AFD9DDD32572F18C00381E59 /* SceneDelegate.swift */ = {isa = PBXFileReference; lastKnownFileType = sourcecode.swift; path = SceneDelegate.swift; sourceTree = "<group>"; };
		AFD9DDD82572F18C00381E59 /* Base */ = {isa = PBXFileReference; lastKnownFileType = file.storyboard; name = Base; path = Base.lproj/Main.storyboard; sourceTree = "<group>"; };
		AFD9DDDA2572F18D00381E59 /* Assets.xcassets */ = {isa = PBXFileReference; lastKnownFileType = folder.assetcatalog; path = Assets.xcassets; sourceTree = "<group>"; };
		AFD9DDDD2572F18D00381E59 /* Base */ = {isa = PBXFileReference; lastKnownFileType = file.storyboard; name = Base; path = Base.lproj/LaunchScreen.storyboard; sourceTree = "<group>"; };
		AFD9DDDF2572F18D00381E59 /* Info.plist */ = {isa = PBXFileReference; lastKnownFileType = text.plist.xml; path = Info.plist; sourceTree = "<group>"; };
		AFD9DDEC2572F23E00381E59 /* Constants.swift */ = {isa = PBXFileReference; lastKnownFileType = sourcecode.swift; path = Constants.swift; sourceTree = "<group>"; };
		AFD9DDF02572F26200381E59 /* Service.swift */ = {isa = PBXFileReference; lastKnownFileType = sourcecode.swift; path = Service.swift; sourceTree = "<group>"; };
		AFD9DDF32572F28900381E59 /* Insult.swift */ = {isa = PBXFileReference; lastKnownFileType = sourcecode.swift; path = Insult.swift; sourceTree = "<group>"; };
		AFD9DDF62572F31300381E59 /* InsultViewController.swift */ = {isa = PBXFileReference; lastKnownFileType = sourcecode.swift; path = InsultViewController.swift; sourceTree = "<group>"; };
		AFD9DDF92572F52900381E59 /* InsultViewModel.swift */ = {isa = PBXFileReference; lastKnownFileType = sourcecode.swift; path = InsultViewModel.swift; sourceTree = "<group>"; };
/* End PBXFileReference section */

/* Begin PBXFrameworksBuildPhase section */
		AFD9DDCB2572F18C00381E59 /* Frameworks */ = {
			isa = PBXFrameworksBuildPhase;
			buildActionMask = 2147483647;
			files = (
			);
			runOnlyForDeploymentPostprocessing = 0;
		};
/* End PBXFrameworksBuildPhase section */

/* Begin PBXGroup section */
		AFD9DDC52572F18C00381E59 = {
			isa = PBXGroup;
			children = (
				AFD9DDD02572F18C00381E59 /* InsultGenerator */,
				AFD9DDCF2572F18C00381E59 /* Products */,
			);
			sourceTree = "<group>";
		};
		AFD9DDCF2572F18C00381E59 /* Products */ = {
			isa = PBXGroup;
			children = (
				AFD9DDCE2572F18C00381E59 /* InsultGenerator.app */,
			);
			name = Products;
			sourceTree = "<group>";
		};
		AFD9DDD02572F18C00381E59 /* InsultGenerator */ = {
			isa = PBXGroup;
			children = (
				AFD9DDDF2572F18D00381E59 /* Info.plist */,
				AFD9DDD12572F18C00381E59 /* AppDelegate.swift */,
				AFD9DDD32572F18C00381E59 /* SceneDelegate.swift */,
				AFD9DDDA2572F18D00381E59 /* Assets.xcassets */,
				AFD9DDE82572F1EB00381E59 /* Model */,
				AFD9DDEB2572F21D00381E59 /* Service */,
				AFD9DDE62572F1E000381E59 /* View */,
				AFD9DDE92572F1F200381E59 /* ViewController */,
				AFD9DDE72572F1E500381E59 /* ViewModel */,
			);
			path = InsultGenerator;
			sourceTree = "<group>";
		};
		AFD9DDE62572F1E000381E59 /* View */ = {
			isa = PBXGroup;
			children = (
				AFD9DDD72572F18C00381E59 /* Main.storyboard */,
				AFD9DDDC2572F18D00381E59 /* LaunchScreen.storyboard */,
			);
			path = View;
			sourceTree = "<group>";
		};
		AFD9DDE72572F1E500381E59 /* ViewModel */ = {
			isa = PBXGroup;
			children = (
				AFD9DDF92572F52900381E59 /* InsultViewModel.swift */,
			);
			path = ViewModel;
			sourceTree = "<group>";
		};
		AFD9DDE82572F1EB00381E59 /* Model */ = {
			isa = PBXGroup;
			children = (
				AFD9DDF32572F28900381E59 /* Insult.swift */,
			);
			path = Model;
			sourceTree = "<group>";
		};
		AFD9DDE92572F1F200381E59 /* ViewController */ = {
			isa = PBXGroup;
			children = (
				AFD9DDF62572F31300381E59 /* InsultViewController.swift */,
			);
			path = ViewController;
			sourceTree = "<group>";
		};
		AFD9DDEB2572F21D00381E59 /* Service */ = {
			isa = PBXGroup;
			children = (
				AFD9DDEC2572F23E00381E59 /* Constants.swift */,
				AFD9DDF02572F26200381E59 /* Service.swift */,
			);
			path = Service;
			sourceTree = "<group>";
		};
/* End PBXGroup section */

/* Begin PBXNativeTarget section */
		AFD9DDCD2572F18C00381E59 /* InsultGenerator */ = {
			isa = PBXNativeTarget;
			buildConfigurationList = AFD9DDE22572F18D00381E59 /* Build configuration list for PBXNativeTarget "InsultGenerator" */;
			buildPhases = (
				AFD9DDCA2572F18C00381E59 /* Sources */,
				AFD9DDCB2572F18C00381E59 /* Frameworks */,
				AFD9DDCC2572F18C00381E59 /* Resources */,
			);
			buildRules = (
			);
			dependencies = (
			);
			name = InsultGenerator;
			productName = InsultGenerator;
			productReference = AFD9DDCE2572F18C00381E59 /* InsultGenerator.app */;
			productType = "com.apple.product-type.application";
		};
/* End PBXNativeTarget section */

/* Begin PBXProject section */
		AFD9DDC62572F18C00381E59 /* Project object */ = {
			isa = PBXProject;
			attributes = {
				LastSwiftUpdateCheck = 1210;
				LastUpgradeCheck = 1210;
				TargetAttributes = {
					AFD9DDCD2572F18C00381E59 = {
						CreatedOnToolsVersion = 12.1;
					};
				};
			};
			buildConfigurationList = AFD9DDC92572F18C00381E59 /* Build configuration list for PBXProject "InsultGenerator" */;
			compatibilityVersion = "Xcode 9.3";
			developmentRegion = en;
			hasScannedForEncodings = 0;
			knownRegions = (
				en,
				Base,
			);
			mainGroup = AFD9DDC52572F18C00381E59;
			productRefGroup = AFD9DDCF2572F18C00381E59 /* Products */;
			projectDirPath = "";
			projectRoot = "";
			targets = (
				AFD9DDCD2572F18C00381E59 /* InsultGenerator */,
			);
		};
/* End PBXProject section */

/* Begin PBXResourcesBuildPhase section */
		AFD9DDCC2572F18C00381E59 /* Resources */ = {
			isa = PBXResourcesBuildPhase;
			buildActionMask = 2147483647;
			files = (
				AFD9DDDE2572F18D00381E59 /* LaunchScreen.storyboard in Resources */,
				AFD9DDDB2572F18D00381E59 /* Assets.xcassets in Resources */,
				AFD9DDD92572F18C00381E59 /* Main.storyboard in Resources */,
			);
			runOnlyForDeploymentPostprocessing = 0;
		};
/* End PBXResourcesBuildPhase section */

/* Begin PBXSourcesBuildPhase section */
		AFD9DDCA2572F18C00381E59 /* Sources */ = {
			isa = PBXSourcesBuildPhase;
			buildActionMask = 2147483647;
			files = (
				AFD9DDD22572F18C00381E59 /* AppDelegate.swift in Sources */,
				AFD9DDF42572F28900381E59 /* Insult.swift in Sources */,
				AFD9DDF12572F26200381E59 /* Service.swift in Sources */,
				AFD9DDD42572F18C00381E59 /* SceneDelegate.swift in Sources */,
				AFD9DDED2572F23E00381E59 /* Constants.swift in Sources */,
				AFD9DDF72572F31300381E59 /* InsultViewController.swift in Sources */,
				AFD9DDFA2572F52900381E59 /* InsultViewModel.swift in Sources */,
			);
			runOnlyForDeploymentPostprocessing = 0;
		};
/* End PBXSourcesBuildPhase section */

/* Begin PBXVariantGroup section */
		AFD9DDD72572F18C00381E59 /* Main.storyboard */ = {
			isa = PBXVariantGroup;
			children = (
				AFD9DDD82572F18C00381E59 /* Base */,
			);
			name = Main.storyboard;
			sourceTree = "<group>";
		};
		AFD9DDDC2572F18D00381E59 /* LaunchScreen.storyboard */ = {
			isa = PBXVariantGroup;
			children = (
				AFD9DDDD2572F18D00381E59 /* Base */,
			);
			name = LaunchScreen.storyboard;
			sourceTree = "<group>";
		};
/* End PBXVariantGroup section */

/* Begin XCBuildConfiguration section */
		AFD9DDE02572F18D00381E59 /* Debug */ = {
			isa = XCBuildConfiguration;
			buildSettings = {
				ALWAYS_SEARCH_USER_PATHS = NO;
				CLANG_ANALYZER_NONNULL = YES;
				CLANG_ANALYZER_NUMBER_OBJECT_CONVERSION = YES_AGGRESSIVE;
				CLANG_CXX_LANGUAGE_STANDARD = "gnu++14";
				CLANG_CXX_LIBRARY = "libc++";
				CLANG_ENABLE_MODULES = YES;
				CLANG_ENABLE_OBJC_ARC = YES;
				CLANG_ENABLE_OBJC_WEAK = YES;
				CLANG_WARN_BLOCK_CAPTURE_AUTORELEASING = YES;
				CLANG_WARN_BOOL_CONVERSION = YES;
				CLANG_WARN_COMMA = YES;
				CLANG_WARN_CONSTANT_CONVERSION = YES;
				CLANG_WARN_DEPRECATED_OBJC_IMPLEMENTATIONS = YES;
				CLANG_WARN_DIRECT_OBJC_ISA_USAGE = YES_ERROR;
				CLANG_WARN_DOCUMENTATION_COMMENTS = YES;
				CLANG_WARN_EMPTY_BODY = YES;
				CLANG_WARN_ENUM_CONVERSION = YES;
				CLANG_WARN_INFINITE_RECURSION = YES;
				CLANG_WARN_INT_CONVERSION = YES;
				CLANG_WARN_NON_LITERAL_NULL_CONVERSION = YES;
				CLANG_WARN_OBJC_IMPLICIT_RETAIN_SELF = YES;
				CLANG_WARN_OBJC_LITERAL_CONVERSION = YES;
				CLANG_WARN_OBJC_ROOT_CLASS = YES_ERROR;
				CLANG_WARN_QUOTED_INCLUDE_IN_FRAMEWORK_HEADER = YES;
				CLANG_WARN_RANGE_LOOP_ANALYSIS = YES;
				CLANG_WARN_STRICT_PROTOTYPES = YES;
				CLANG_WARN_SUSPICIOUS_MOVE = YES;
				CLANG_WARN_UNGUARDED_AVAILABILITY = YES_AGGRESSIVE;
				CLANG_WARN_UNREACHABLE_CODE = YES;
				CLANG_WARN__DUPLICATE_METHOD_MATCH = YES;
				COPY_PHASE_STRIP = NO;
				DEBUG_INFORMATION_FORMAT = dwarf;
				ENABLE_STRICT_OBJC_MSGSEND = YES;
				ENABLE_TESTABILITY = YES;
				GCC_C_LANGUAGE_STANDARD = gnu11;
				GCC_DYNAMIC_NO_PIC = NO;
				GCC_NO_COMMON_BLOCKS = YES;
				GCC_OPTIMIZATION_LEVEL = 0;
				GCC_PREPROCESSOR_DEFINITIONS = (
					"DEBUG=1",
					"$(inherited)",
				);
				GCC_WARN_64_TO_32_BIT_CONVERSION = YES;
				GCC_WARN_ABOUT_RETURN_TYPE = YES_ERROR;
				GCC_WARN_UNDECLARED_SELECTOR = YES;
				GCC_WARN_UNINITIALIZED_AUTOS = YES_AGGRESSIVE;
				GCC_WARN_UNUSED_FUNCTION = YES;
				GCC_WARN_UNUSED_VARIABLE = YES;
				IPHONEOS_DEPLOYMENT_TARGET = 14.1;
				MTL_ENABLE_DEBUG_INFO = INCLUDE_SOURCE;
				MTL_FAST_MATH = YES;
				ONLY_ACTIVE_ARCH = YES;
				SDKROOT = iphoneos;
				SWIFT_ACTIVE_COMPILATION_CONDITIONS = DEBUG;
				SWIFT_OPTIMIZATION_LEVEL = "-Onone";
			};
			name = Debug;
		};
		AFD9DDE12572F18D00381E59 /* Release */ = {
			isa = XCBuildConfiguration;
			buildSettings = {
				ALWAYS_SEARCH_USER_PATHS = NO;
				CLANG_ANALYZER_NONNULL = YES;
				CLANG_ANALYZER_NUMBER_OBJECT_CONVERSION = YES_AGGRESSIVE;
				CLANG_CXX_LANGUAGE_STANDARD = "gnu++14";
				CLANG_CXX_LIBRARY = "libc++";
				CLANG_ENABLE_MODULES = YES;
				CLANG_ENABLE_OBJC_ARC = YES;
				CLANG_ENABLE_OBJC_WEAK = YES;
				CLANG_WARN_BLOCK_CAPTURE_AUTORELEASING = YES;
				CLANG_WARN_BOOL_CONVERSION = YES;
				CLANG_WARN_COMMA = YES;
				CLANG_WARN_CONSTANT_CONVERSION = YES;
				CLANG_WARN_DEPRECATED_OBJC_IMPLEMENTATIONS = YES;
				CLANG_WARN_DIRECT_OBJC_ISA_USAGE = YES_ERROR;
				CLANG_WARN_DOCUMENTATION_COMMENTS = YES;
				CLANG_WARN_EMPTY_BODY = YES;
				CLANG_WARN_ENUM_CONVERSION = YES;
				CLANG_WARN_INFINITE_RECURSION = YES;
				CLANG_WARN_INT_CONVERSION = YES;
				CLANG_WARN_NON_LITERAL_NULL_CONVERSION = YES;
				CLANG_WARN_OBJC_IMPLICIT_RETAIN_SELF = YES;
				CLANG_WARN_OBJC_LITERAL_CONVERSION = YES;
				CLANG_WARN_OBJC_ROOT_CLASS = YES_ERROR;
				CLANG_WARN_QUOTED_INCLUDE_IN_FRAMEWORK_HEADER = YES;
				CLANG_WARN_RANGE_LOOP_ANALYSIS = YES;
				CLANG_WARN_STRICT_PROTOTYPES = YES;
				CLANG_WARN_SUSPICIOUS_MOVE = YES;
				CLANG_WARN_UNGUARDED_AVAILABILITY = YES_AGGRESSIVE;
				CLANG_WARN_UNREACHABLE_CODE = YES;
				CLANG_WARN__DUPLICATE_METHOD_MATCH = YES;
				COPY_PHASE_STRIP = NO;
				DEBUG_INFORMATION_FORMAT = "dwarf-with-dsym";
				ENABLE_NS_ASSERTIONS = NO;
				ENABLE_STRICT_OBJC_MSGSEND = YES;
				GCC_C_LANGUAGE_STANDARD = gnu11;
				GCC_NO_COMMON_BLOCKS = YES;
				GCC_WARN_64_TO_32_BIT_CONVERSION = YES;
				GCC_WARN_ABOUT_RETURN_TYPE = YES_ERROR;
				GCC_WARN_UNDECLARED_SELECTOR = YES;
				GCC_WARN_UNINITIALIZED_AUTOS = YES_AGGRESSIVE;
				GCC_WARN_UNUSED_FUNCTION = YES;
				GCC_WARN_UNUSED_VARIABLE = YES;
				IPHONEOS_DEPLOYMENT_TARGET = 14.1;
				MTL_ENABLE_DEBUG_INFO = NO;
				MTL_FAST_MATH = YES;
				SDKROOT = iphoneos;
				SWIFT_COMPILATION_MODE = wholemodule;
				SWIFT_OPTIMIZATION_LEVEL = "-O";
				VALIDATE_PRODUCT = YES;
			};
			name = Release;
		};
		AFD9DDE32572F18D00381E59 /* Debug */ = {
			isa = XCBuildConfiguration;
			buildSettings = {
				ASSETCATALOG_COMPILER_APPICON_NAME = AppIcon;
				ASSETCATALOG_COMPILER_GLOBAL_ACCENT_COLOR_NAME = AccentColor;
				CODE_SIGN_STYLE = Automatic;
				DEVELOPMENT_TEAM = UFFYTBE3CU;
				INFOPLIST_FILE = InsultGenerator/Info.plist;
				LD_RUNPATH_SEARCH_PATHS = (
					"$(inherited)",
					"@executable_path/Frameworks",
				);
				PRODUCT_BUNDLE_IDENTIFIER = casperdaris.InsultGenerator;
				PRODUCT_NAME = "$(TARGET_NAME)";
				SWIFT_VERSION = 5.0;
				TARGETED_DEVICE_FAMILY = "1,2";
			};
			name = Debug;
		};
		AFD9DDE42572F18D00381E59 /* Release */ = {
			isa = XCBuildConfiguration;
			buildSettings = {
				ASSETCATALOG_COMPILER_APPICON_NAME = AppIcon;
				ASSETCATALOG_COMPILER_GLOBAL_ACCENT_COLOR_NAME = AccentColor;
				CODE_SIGN_STYLE = Automatic;
				DEVELOPMENT_TEAM = UFFYTBE3CU;
				INFOPLIST_FILE = InsultGenerator/Info.plist;
				LD_RUNPATH_SEARCH_PATHS = (
					"$(inherited)",
					"@executable_path/Frameworks",
				);
				PRODUCT_BUNDLE_IDENTIFIER = casperdaris.InsultGenerator;
				PRODUCT_NAME = "$(TARGET_NAME)";
				SWIFT_VERSION = 5.0;
				TARGETED_DEVICE_FAMILY = "1,2";
			};
			name = Release;
		};
/* End XCBuildConfiguration section */

/* Begin XCConfigurationList section */
		AFD9DDC92572F18C00381E59 /* Build configuration list for PBXProject "InsultGenerator" */ = {
			isa = XCConfigurationList;
			buildConfigurations = (
				AFD9DDE02572F18D00381E59 /* Debug */,
				AFD9DDE12572F18D00381E59 /* Release */,
			);
			defaultConfigurationIsVisible = 0;
			defaultConfigurationName = Release;
		};
		AFD9DDE22572F18D00381E59 /* Build configuration list for PBXNativeTarget "InsultGenerator" */ = {
			isa = XCConfigurationList;
			buildConfigurations = (
				AFD9DDE32572F18D00381E59 /* Debug */,
				AFD9DDE42572F18D00381E59 /* Release */,
			);
			defaultConfigurationIsVisible = 0;
			defaultConfigurationName = Release;
		};
/* End XCConfigurationList section */
	};
	rootObject = AFD9DDC62572F18C00381E59 /* Project object */;
}
